{
  "name": "vue_base",
  "version": "1.0.0",
  "lockfileVersion": 1,
  "requires": true,
  "dependencies": {
    "@babel/runtime": {
      "version": "7.8.7",
      "resolved": "https://registry.npm.taobao.org/@babel/runtime/download/@babel/runtime-7.8.7.tgz?cache=0&sync_timestamp=1583373718614&other_urls=https%3A%2F%2Fregistry.npm.taobao.org%2F%40babel%2Fruntime%2Fdownload%2F%40babel%2Fruntime-7.8.7.tgz",
      "integrity": "sha1-j+/OmALbVIgbpZ+Quyhxm0mWMk0=",
      "requires": {
        "regenerator-runtime": "^0.13.4"
      }
    },
    "@vant/icons": {
      "version": "1.2.1",
      "resolved": "https://registry.npm.taobao.org/@vant/icons/download/@vant/icons-1.2.1.tgz",
      "integrity": "sha1-MJ/suXpJiYZvBFzmdrVFxFRwHI8="
    },
    "@vue/babel-helper-vue-jsx-merge-props": {
      "version": "1.0.0",
      "resolved": "https://registry.npm.taobao.org/@vue/babel-helper-vue-jsx-merge-props/download/@vue/babel-helper-vue-jsx-merge-props-1.0.0.tgz",
      "integrity": "sha1-BI/leZWNpAj7eosqPsBQtQpmEEA="
    },
    "regenerator-runtime": {
      "version": "0.13.4",
      "resolved": "https://registry.npm.taobao.org/regenerator-runtime/download/regenerator-runtime-0.13.4.tgz?cache=0&sync_timestamp=1582478406224&other_urls=https%3A%2F%2Fregistry.npm.taobao.org%2Fregenerator-runtime%2Fdownload%2Fregenerator-runtime-0.13.4.tgz",
      "integrity": "sha1-6Wv2EqM2LRK7affo90/+qyXHrJE="
    },
    "vant": {
      "version": "2.5.4",
      "resolved": "https://registry.npm.taobao.org/vant/download/vant-2.5.4.tgz",
      "integrity": "sha1-PBBEJToEg/iFpfRt0BqPUK1Gc3s=",
      "requires": {
        "@babel/runtime": "7.x",
        "@vant/icons": "1.2.1",
        "@vue/babel-helper-vue-jsx-merge-props": "^1.0.0",
        "vue-lazyload": "1.2.3"
      }
    },
    "vue": {
      "version": "2.6.11",
      "resolved": "https://registry.npm.taobao.org/vue/download/vue-2.6.11.tgz",
      "integrity": "sha1-dllNh31LEiNEBuhONSdcbVFBJcU="
    },
    "vue-lazyload": {
      "version": "1.2.3",
      "resolved": "https://registry.npm.taobao.org/vue-lazyload/download/vue-lazyload-1.2.3.tgz",
      "integrity": "sha1-kB+ewVx+bKeHgaK65KNDaGve2yw="
    }
  }
}
